
Microsoft Visual Studio Solution File, Format Version 12.00
# Visual Studio Version 17
VisualStudioVersion = 17.5.33627.172
MinimumVisualStudioVersion = 10.0.40219.1
Project("{FAE04EC0-301F-11D3-BF4B-00C04F79EFBC}") = "ProjetoTesteLuiz", "ProjetoTesteLuiz\ProjetoTesteLuiz.csproj", "{213DEA1D-5B1B-4F3C-98BB-6822E19D1A2E}"
EndProject
Global
	GlobalSection(SolutionConfigurationPlatforms) = preSolution
		Debug|Any CPU = Debug|Any CPU
		Release|Any CPU = Release|Any CPU
	EndGlobalSection
	GlobalSection(ProjectConfigurationPlatforms) = postSolution
		{213DEA1D-5B1B-4F3C-98BB-6822E19D1A2E}.Debug|Any CPU.ActiveCfg = Debug|Any CPU
		{213DEA1D-5B1B-4F3C-98BB-6822E19D1A2E}.Debug|Any CPU.Build.0 = Debug|Any CPU
		{213DEA1D-5B1B-4F3C-98BB-6822E19D1A2E}.Release|Any CPU.ActiveCfg = Release|Any CPU
		{213DEA1D-5B1B-4F3C-98BB-6822E19D1A2E}.Release|Any CPU.Build.0 = Release|Any CPU
	EndGlobalSection
	GlobalSection(SolutionProperties) = preSolution
		HideSolutionNode = FALSE
	EndGlobalSection
	GlobalSection(ExtensibilityGlobals) = postSolution
		SolutionGuid = {73E619D1-17CB-472A-B074-24F259D775C6}
	EndGlobalSection
EndGlobal
